// !$*UTF8*$!
{
	archiveVersion = 1;
	classes = {
	};
	objectVersion = 50;
	objects = {

/* Begin PBXBuildFile section */
		3A0280CC1378566D4ED03030 /* Pods_WeatherApp.framework in Frameworks */ = {isa = PBXBuildFile; fileRef = 4690E777D1C489ACEADBE9AD /* Pods_WeatherApp.framework */; };
		3E7A8AE12E0F76C91C93BE4A /* Pods_WeatherAppUITests.framework in Frameworks */ = {isa = PBXBuildFile; fileRef = C3A9004716B7028E358C1EC6 /* Pods_WeatherAppUITests.framework */; };
		7A5AC1C1229570FE008FC7D1 /* HeaderTableViewCell.swift in Sources */ = {isa = PBXBuildFile; fileRef = 7A5AC1BF229570FE008FC7D1 /* HeaderTableViewCell.swift */; };
		7A5AC1C2229570FE008FC7D1 /* HeaderTableViewCell.xib in Resources */ = {isa = PBXBuildFile; fileRef = 7A5AC1C0229570FE008FC7D1 /* HeaderTableViewCell.xib */; };
		7A5AC1C62295714A008FC7D1 /* ForecastTextTableViewCell.swift in Sources */ = {isa = PBXBuildFile; fileRef = 7A5AC1C42295714A008FC7D1 /* ForecastTextTableViewCell.swift */; };
		7A5AC1C72295714A008FC7D1 /* ForecastTextTableViewCell.xib in Resources */ = {isa = PBXBuildFile; fileRef = 7A5AC1C52295714A008FC7D1 /* ForecastTextTableViewCell.xib */; };
		7A5AC1CB2295716E008FC7D1 /* HourlyTableViewCell.swift in Sources */ = {isa = PBXBuildFile; fileRef = 7A5AC1C92295716E008FC7D1 /* HourlyTableViewCell.swift */; };
		7A5AC1CC2295716E008FC7D1 /* HourlyTableViewCell.xib in Resources */ = {isa = PBXBuildFile; fileRef = 7A5AC1CA2295716E008FC7D1 /* HourlyTableViewCell.xib */; };
		7A5AC1CF22957189008FC7D1 /* DailyTableViewCell.swift in Sources */ = {isa = PBXBuildFile; fileRef = 7A5AC1CD22957189008FC7D1 /* DailyTableViewCell.swift */; };
		7A5AC1D022957189008FC7D1 /* DailyTableViewCell.xib in Resources */ = {isa = PBXBuildFile; fileRef = 7A5AC1CE22957189008FC7D1 /* DailyTableViewCell.xib */; };
		7A5AC1D32295719B008FC7D1 /* ExtraTableViewCell.swift in Sources */ = {isa = PBXBuildFile; fileRef = 7A5AC1D12295719B008FC7D1 /* ExtraTableViewCell.swift */; };
		7A5AC1D42295719B008FC7D1 /* ExtraTableViewCell.xib in Resources */ = {isa = PBXBuildFile; fileRef = 7A5AC1D22295719B008FC7D1 /* ExtraTableViewCell.xib */; };
		7A87F54D229523FE001396A0 /* AppDelegate.swift in Sources */ = {isa = PBXBuildFile; fileRef = 7A87F54C229523FE001396A0 /* AppDelegate.swift */; };
		7A87F552229523FE001396A0 /* Main.storyboard in Resources */ = {isa = PBXBuildFile; fileRef = 7A87F550229523FE001396A0 /* Main.storyboard */; };
		7A87F55422952400001396A0 /* Assets.xcassets in Resources */ = {isa = PBXBuildFile; fileRef = 7A87F55322952400001396A0 /* Assets.xcassets */; };
		7A87F55722952400001396A0 /* LaunchScreen.storyboard in Resources */ = {isa = PBXBuildFile; fileRef = 7A87F55522952400001396A0 /* LaunchScreen.storyboard */; };
		7A87F56222952400001396A0 /* WeatherAppTests.swift in Sources */ = {isa = PBXBuildFile; fileRef = 7A87F56122952400001396A0 /* WeatherAppTests.swift */; };
		7A87F56D22952400001396A0 /* WeatherAppUITests.swift in Sources */ = {isa = PBXBuildFile; fileRef = 7A87F56C22952400001396A0 /* WeatherAppUITests.swift */; };
		7A87F57B22952571001396A0 /* CitiesData.swift in Sources */ = {isa = PBXBuildFile; fileRef = 7A87F57A22952571001396A0 /* CitiesData.swift */; };
		7A87F581229526C5001396A0 /* MapViewController.swift in Sources */ = {isa = PBXBuildFile; fileRef = 7A87F580229526C5001396A0 /* MapViewController.swift */; };
		7A87F583229526D6001396A0 /* DetailViewController.swift in Sources */ = {isa = PBXBuildFile; fileRef = 7A87F582229526D6001396A0 /* DetailViewController.swift */; };
		7A87F585229526F9001396A0 /* RequestWeather.swift in Sources */ = {isa = PBXBuildFile; fileRef = 7A87F584229526F9001396A0 /* RequestWeather.swift */; };
		7A87F59622952907001396A0 /* WeatherModel.swift in Sources */ = {isa = PBXBuildFile; fileRef = 7A87F59522952907001396A0 /* WeatherModel.swift */; };
		DD4ABF87A9013B1CF2C03431 /* Pods_WeatherAppTests.framework in Frameworks */ = {isa = PBXBuildFile; fileRef = 2545813E21DE97A03388D5C0 /* Pods_WeatherAppTests.framework */; };
/* End PBXBuildFile section */

/* Begin PBXContainerItemProxy section */
		7A87F55E22952400001396A0 /* PBXContainerItemProxy */ = {
			isa = PBXContainerItemProxy;
			containerPortal = 7A87F541229523FE001396A0 /* Project object */;
			proxyType = 1;
			remoteGlobalIDString = 7A87F548229523FE001396A0;
			remoteInfo = WeatherApp;
		};
		7A87F56922952400001396A0 /* PBXContainerItemProxy */ = {
			isa = PBXContainerItemProxy;
			containerPortal = 7A87F541229523FE001396A0 /* Project object */;
			proxyType = 1;
			remoteGlobalIDString = 7A87F548229523FE001396A0;
			remoteInfo = WeatherApp;
		};
/* End PBXContainerItemProxy section */

/* Begin PBXFileReference section */
		0CB40876330A68EBC108BCB9 /* Pods-WeatherAppUITests.debug.xcconfig */ = {isa = PBXFileReference; includeInIndex = 1; lastKnownFileType = text.xcconfig; name = "Pods-WeatherAppUITests.debug.xcconfig"; path = "Pods/Target Support Files/Pods-WeatherAppUITests/Pods-WeatherAppUITests.debug.xcconfig"; sourceTree = "<group>"; };
		2545813E21DE97A03388D5C0 /* Pods_WeatherAppTests.framework */ = {isa = PBXFileReference; explicitFileType = wrapper.framework; includeInIndex = 0; path = Pods_WeatherAppTests.framework; sourceTree = BUILT_PRODUCTS_DIR; };
		4690E777D1C489ACEADBE9AD /* Pods_WeatherApp.framework */ = {isa = PBXFileReference; explicitFileType = wrapper.framework; includeInIndex = 0; path = Pods_WeatherApp.framework; sourceTree = BUILT_PRODUCTS_DIR; };
		7A5AC1BF229570FE008FC7D1 /* HeaderTableViewCell.swift */ = {isa = PBXFileReference; lastKnownFileType = sourcecode.swift; path = HeaderTableViewCell.swift; sourceTree = "<group>"; };
		7A5AC1C0229570FE008FC7D1 /* HeaderTableViewCell.xib */ = {isa = PBXFileReference; lastKnownFileType = file.xib; path = HeaderTableViewCell.xib; sourceTree = "<group>"; };
		7A5AC1C42295714A008FC7D1 /* ForecastTextTableViewCell.swift */ = {isa = PBXFileReference; lastKnownFileType = sourcecode.swift; path = ForecastTextTableViewCell.swift; sourceTree = "<group>"; };
		7A5AC1C52295714A008FC7D1 /* ForecastTextTableViewCell.xib */ = {isa = PBXFileReference; lastKnownFileType = file.xib; path = ForecastTextTableViewCell.xib; sourceTree = "<group>"; };
		7A5AC1C92295716E008FC7D1 /* HourlyTableViewCell.swift */ = {isa = PBXFileReference; lastKnownFileType = sourcecode.swift; path = HourlyTableViewCell.swift; sourceTree = "<group>"; };
		7A5AC1CA2295716E008FC7D1 /* HourlyTableViewCell.xib */ = {isa = PBXFileReference; lastKnownFileType = file.xib; path = HourlyTableViewCell.xib; sourceTree = "<group>"; };
		7A5AC1CD22957189008FC7D1 /* DailyTableViewCell.swift */ = {isa = PBXFileReference; lastKnownFileType = sourcecode.swift; path = DailyTableViewCell.swift; sourceTree = "<group>"; };
		7A5AC1CE22957189008FC7D1 /* DailyTableViewCell.xib */ = {isa = PBXFileReference; lastKnownFileType = file.xib; path = DailyTableViewCell.xib; sourceTree = "<group>"; };
		7A5AC1D12295719B008FC7D1 /* ExtraTableViewCell.swift */ = {isa = PBXFileReference; lastKnownFileType = sourcecode.swift; path = ExtraTableViewCell.swift; sourceTree = "<group>"; };
		7A5AC1D22295719B008FC7D1 /* ExtraTableViewCell.xib */ = {isa = PBXFileReference; lastKnownFileType = file.xib; path = ExtraTableViewCell.xib; sourceTree = "<group>"; };
		7A87F549229523FE001396A0 /* WeatherApp.app */ = {isa = PBXFileReference; explicitFileType = wrapper.application; includeInIndex = 0; path = WeatherApp.app; sourceTree = BUILT_PRODUCTS_DIR; };
		7A87F54C229523FE001396A0 /* AppDelegate.swift */ = {isa = PBXFileReference; lastKnownFileType = sourcecode.swift; path = AppDelegate.swift; sourceTree = "<group>"; };
		7A87F551229523FE001396A0 /* Base */ = {isa = PBXFileReference; lastKnownFileType = file.storyboard; name = Base; path = Base.lproj/Main.storyboard; sourceTree = "<group>"; };
		7A87F55322952400001396A0 /* Assets.xcassets */ = {isa = PBXFileReference; lastKnownFileType = folder.assetcatalog; path = Assets.xcassets; sourceTree = "<group>"; };
		7A87F55622952400001396A0 /* Base */ = {isa = PBXFileReference; lastKnownFileType = file.storyboard; name = Base; path = Base.lproj/LaunchScreen.storyboard; sourceTree = "<group>"; };
		7A87F55822952400001396A0 /* Info.plist */ = {isa = PBXFileReference; lastKnownFileType = text.plist.xml; path = Info.plist; sourceTree = "<group>"; };
		7A87F55D22952400001396A0 /* WeatherAppTests.xctest */ = {isa = PBXFileReference; explicitFileType = wrapper.cfbundle; includeInIndex = 0; path = WeatherAppTests.xctest; sourceTree = BUILT_PRODUCTS_DIR; };
		7A87F56122952400001396A0 /* WeatherAppTests.swift */ = {isa = PBXFileReference; lastKnownFileType = sourcecode.swift; path = WeatherAppTests.swift; sourceTree = "<group>"; };
		7A87F56322952400001396A0 /* Info.plist */ = {isa = PBXFileReference; lastKnownFileType = text.plist.xml; path = Info.plist; sourceTree = "<group>"; };
		7A87F56822952400001396A0 /* WeatherAppUITests.xctest */ = {isa = PBXFileReference; explicitFileType = wrapper.cfbundle; includeInIndex = 0; path = WeatherAppUITests.xctest; sourceTree = BUILT_PRODUCTS_DIR; };
		7A87F56C22952400001396A0 /* WeatherAppUITests.swift */ = {isa = PBXFileReference; lastKnownFileType = sourcecode.swift; path = WeatherAppUITests.swift; sourceTree = "<group>"; };
		7A87F56E22952400001396A0 /* Info.plist */ = {isa = PBXFileReference; lastKnownFileType = text.plist.xml; path = Info.plist; sourceTree = "<group>"; };
		7A87F57A22952571001396A0 /* CitiesData.swift */ = {isa = PBXFileReference; lastKnownFileType = sourcecode.swift; path = CitiesData.swift; sourceTree = "<group>"; };
		7A87F580229526C5001396A0 /* MapViewController.swift */ = {isa = PBXFileReference; lastKnownFileType = sourcecode.swift; path = MapViewController.swift; sourceTree = "<group>"; };
		7A87F582229526D6001396A0 /* DetailViewController.swift */ = {isa = PBXFileReference; lastKnownFileType = sourcecode.swift; path = DetailViewController.swift; sourceTree = "<group>"; };
		7A87F584229526F9001396A0 /* RequestWeather.swift */ = {isa = PBXFileReference; lastKnownFileType = sourcecode.swift; path = RequestWeather.swift; sourceTree = "<group>"; };
		7A87F59522952907001396A0 /* WeatherModel.swift */ = {isa = PBXFileReference; lastKnownFileType = sourcecode.swift; path = WeatherModel.swift; sourceTree = "<group>"; };
		8F297D804937A41532AE2848 /* Pods-WeatherApp.debug.xcconfig */ = {isa = PBXFileReference; includeInIndex = 1; lastKnownFileType = text.xcconfig; name = "Pods-WeatherApp.debug.xcconfig"; path = "Pods/Target Support Files/Pods-WeatherApp/Pods-WeatherApp.debug.xcconfig"; sourceTree = "<group>"; };
		B4BE1596145BA7719F1CE936 /* Pods-WeatherAppTests.release.xcconfig */ = {isa = PBXFileReference; includeInIndex = 1; lastKnownFileType = text.xcconfig; name = "Pods-WeatherAppTests.release.xcconfig"; path = "Pods/Target Support Files/Pods-WeatherAppTests/Pods-WeatherAppTests.release.xcconfig"; sourceTree = "<group>"; };
		C3A9004716B7028E358C1EC6 /* Pods_WeatherAppUITests.framework */ = {isa = PBXFileReference; explicitFileType = wrapper.framework; includeInIndex = 0; path = Pods_WeatherAppUITests.framework; sourceTree = BUILT_PRODUCTS_DIR; };
		D8B16BCBC9D7775B1B5E7BD5 /* Pods-WeatherAppTests.debug.xcconfig */ = {isa = PBXFileReference; includeInIndex = 1; lastKnownFileType = text.xcconfig; name = "Pods-WeatherAppTests.debug.xcconfig"; path = "Pods/Target Support Files/Pods-WeatherAppTests/Pods-WeatherAppTests.debug.xcconfig"; sourceTree = "<group>"; };
		EC990BD3768666A137AE47F9 /* Pods-WeatherApp.release.xcconfig */ = {isa = PBXFileReference; includeInIndex = 1; lastKnownFileType = text.xcconfig; name = "Pods-WeatherApp.release.xcconfig"; path = "Pods/Target Support Files/Pods-WeatherApp/Pods-WeatherApp.release.xcconfig"; sourceTree = "<group>"; };
		F91FDBCFA9CF7784FAB50DD2 /* Pods-WeatherAppUITests.release.xcconfig */ = {isa = PBXFileReference; includeInIndex = 1; lastKnownFileType = text.xcconfig; name = "Pods-WeatherAppUITests.release.xcconfig"; path = "Pods/Target Support Files/Pods-WeatherAppUITests/Pods-WeatherAppUITests.release.xcconfig"; sourceTree = "<group>"; };
/* End PBXFileReference section */

/* Begin PBXFrameworksBuildPhase section */
		7A87F546229523FE001396A0 /* Frameworks */ = {
			isa = PBXFrameworksBuildPhase;
			buildActionMask = 2147483647;
			files = (
				3A0280CC1378566D4ED03030 /* Pods_WeatherApp.framework in Frameworks */,
			);
			runOnlyForDeploymentPostprocessing = 0;
		};
		7A87F55A22952400001396A0 /* Frameworks */ = {
			isa = PBXFrameworksBuildPhase;
			buildActionMask = 2147483647;
			files = (
				DD4ABF87A9013B1CF2C03431 /* Pods_WeatherAppTests.framework in Frameworks */,
			);
			runOnlyForDeploymentPostprocessing = 0;
		};
		7A87F56522952400001396A0 /* Frameworks */ = {
			isa = PBXFrameworksBuildPhase;
			buildActionMask = 2147483647;
			files = (
				3E7A8AE12E0F76C91C93BE4A /* Pods_WeatherAppUITests.framework in Frameworks */,
			);
			runOnlyForDeploymentPostprocessing = 0;
		};
/* End PBXFrameworksBuildPhase section */

/* Begin PBXGroup section */
		461907B8B0A8A7BE84C08ACB /* Frameworks */ = {
			isa = PBXGroup;
			children = (
				4690E777D1C489ACEADBE9AD /* Pods_WeatherApp.framework */,
				2545813E21DE97A03388D5C0 /* Pods_WeatherAppTests.framework */,
				C3A9004716B7028E358C1EC6 /* Pods_WeatherAppUITests.framework */,
			);
			name = Frameworks;
			sourceTree = "<group>";
		};
		7A5AC1C322957107008FC7D1 /* Header */ = {
			isa = PBXGroup;
			children = (
				7A5AC1BF229570FE008FC7D1 /* HeaderTableViewCell.swift */,
				7A5AC1C0229570FE008FC7D1 /* HeaderTableViewCell.xib */,
			);
			path = Header;
			sourceTree = "<group>";
		};
		7A5AC1C822957155008FC7D1 /* ForecastText */ = {
			isa = PBXGroup;
			children = (
				7A5AC1C42295714A008FC7D1 /* ForecastTextTableViewCell.swift */,
				7A5AC1C52295714A008FC7D1 /* ForecastTextTableViewCell.xib */,
			);
			path = ForecastText;
			sourceTree = "<group>";
		};
		7A87F540229523FE001396A0 = {
			isa = PBXGroup;
			children = (
				7A87F54B229523FE001396A0 /* WeatherApp */,
				7A87F56022952400001396A0 /* WeatherAppTests */,
				7A87F56B22952400001396A0 /* WeatherAppUITests */,
				7A87F54A229523FE001396A0 /* Products */,
				F69311D772C93EA17D0D6316 /* Pods */,
				461907B8B0A8A7BE84C08ACB /* Frameworks */,
			);
			sourceTree = "<group>";
		};
		7A87F54A229523FE001396A0 /* Products */ = {
			isa = PBXGroup;
			children = (
				7A87F549229523FE001396A0 /* WeatherApp.app */,
				7A87F55D22952400001396A0 /* WeatherAppTests.xctest */,
				7A87F56822952400001396A0 /* WeatherAppUITests.xctest */,
			);
			name = Products;
			sourceTree = "<group>";
		};
		7A87F54B229523FE001396A0 /* WeatherApp */ = {
			isa = PBXGroup;
			children = (
				7A87F57F229525C0001396A0 /* Cell */,
				7A87F57E229525B9001396A0 /* Controller */,
				7A87F57D229525B0001396A0 /* API */,
				7A87F57C22952591001396A0 /* Model */,
				7A87F54C229523FE001396A0 /* AppDelegate.swift */,
				7A87F550229523FE001396A0 /* Main.storyboard */,
				7A87F55322952400001396A0 /* Assets.xcassets */,
				7A87F55522952400001396A0 /* LaunchScreen.storyboard */,
				7A87F55822952400001396A0 /* Info.plist */,
				7A87F57A22952571001396A0 /* CitiesData.swift */,
			);
			path = WeatherApp;
			sourceTree = "<group>";
		};
		7A87F56022952400001396A0 /* WeatherAppTests */ = {
			isa = PBXGroup;
			children = (
				7A87F56122952400001396A0 /* WeatherAppTests.swift */,
				7A87F56322952400001396A0 /* Info.plist */,
			);
			path = WeatherAppTests;
			sourceTree = "<group>";
		};
		7A87F56B22952400001396A0 /* WeatherAppUITests */ = {
			isa = PBXGroup;
			children = (
				7A87F56C22952400001396A0 /* WeatherAppUITests.swift */,
				7A87F56E22952400001396A0 /* Info.plist */,
			);
			path = WeatherAppUITests;
			sourceTree = "<group>";
		};
		7A87F57C22952591001396A0 /* Model */ = {
			isa = PBXGroup;
			children = (
				7A87F59522952907001396A0 /* WeatherModel.swift */,
			);
			path = Model;
			sourceTree = "<group>";
		};
		7A87F57D229525B0001396A0 /* API */ = {
			isa = PBXGroup;
			children = (
				7A87F584229526F9001396A0 /* RequestWeather.swift */,
			);
			path = API;
			sourceTree = "<group>";
		};
		7A87F57E229525B9001396A0 /* Controller */ = {
			isa = PBXGroup;
			children = (
				7A87F580229526C5001396A0 /* MapViewController.swift */,
				7A87F582229526D6001396A0 /* DetailViewController.swift */,
			);
			path = Controller;
			sourceTree = "<group>";
		};
		7A87F57F229525C0001396A0 /* Cell */ = {
			isa = PBXGroup;
			children = (
				7A5AC1C822957155008FC7D1 /* ForecastText */,
				7A5AC1C322957107008FC7D1 /* Header */,
				7A87F58C2295276F001396A0 /* Hourly */,
				7A87F58D22952780001396A0 /* Daily */,
				7A87F592229527B1001396A0 /* Extra */,
			);
			path = Cell;
			sourceTree = "<group>";
		};
		7A87F58C2295276F001396A0 /* Hourly */ = {
			isa = PBXGroup;
			children = (
				7A5AC1C92295716E008FC7D1 /* HourlyTableViewCell.swift */,
				7A5AC1CA2295716E008FC7D1 /* HourlyTableViewCell.xib */,
			);
			path = Hourly;
			sourceTree = "<group>";
		};
		7A87F58D22952780001396A0 /* Daily */ = {
			isa = PBXGroup;
			children = (
				7A5AC1CD22957189008FC7D1 /* DailyTableViewCell.swift */,
				7A5AC1CE22957189008FC7D1 /* DailyTableViewCell.xib */,
			);
			path = Daily;
			sourceTree = "<group>";
		};
		7A87F592229527B1001396A0 /* Extra */ = {
			isa = PBXGroup;
			children = (
				7A5AC1D12295719B008FC7D1 /* ExtraTableViewCell.swift */,
				7A5AC1D22295719B008FC7D1 /* ExtraTableViewCell.xib */,
			);
			path = Extra;
			sourceTree = "<group>";
		};
		F69311D772C93EA17D0D6316 /* Pods */ = {
			isa = PBXGroup;
			children = (
				8F297D804937A41532AE2848 /* Pods-WeatherApp.debug.xcconfig */,
				EC990BD3768666A137AE47F9 /* Pods-WeatherApp.release.xcconfig */,
				D8B16BCBC9D7775B1B5E7BD5 /* Pods-WeatherAppTests.debug.xcconfig */,
				B4BE1596145BA7719F1CE936 /* Pods-WeatherAppTests.release.xcconfig */,
				0CB40876330A68EBC108BCB9 /* Pods-WeatherAppUITests.debug.xcconfig */,
				F91FDBCFA9CF7784FAB50DD2 /* Pods-WeatherAppUITests.release.xcconfig */,
			);
			name = Pods;
			sourceTree = "<group>";
		};
/* End PBXGroup section */

/* Begin PBXNativeTarget section */
		7A87F548229523FE001396A0 /* WeatherApp */ = {
			isa = PBXNativeTarget;
			buildConfigurationList = 7A87F57122952400001396A0 /* Build configuration list for PBXNativeTarget "WeatherApp" */;
			buildPhases = (
				76D948A4141BE8D15AB9B289 /* [CP] Check Pods Manifest.lock */,
				7A87F545229523FE001396A0 /* Sources */,
				7A87F546229523FE001396A0 /* Frameworks */,
				7A87F547229523FE001396A0 /* Resources */,
				0C1DE7DD50B6E7298553A3F2 /* [CP] Embed Pods Frameworks */,
			);
			buildRules = (
			);
			dependencies = (
			);
			name = WeatherApp;
			productName = WeatherApp;
			productReference = 7A87F549229523FE001396A0 /* WeatherApp.app */;
			productType = "com.apple.product-type.application";
		};
		7A87F55C22952400001396A0 /* WeatherAppTests */ = {
			isa = PBXNativeTarget;
			buildConfigurationList = 7A87F57422952400001396A0 /* Build configuration list for PBXNativeTarget "WeatherAppTests" */;
			buildPhases = (
				1D771BDA3722997CBB1B3C25 /* [CP] Check Pods Manifest.lock */,
				7A87F55922952400001396A0 /* Sources */,
				7A87F55A22952400001396A0 /* Frameworks */,
				7A87F55B22952400001396A0 /* Resources */,
			);
			buildRules = (
			);
			dependencies = (
				7A87F55F22952400001396A0 /* PBXTargetDependency */,
			);
			name = WeatherAppTests;
			productName = WeatherAppTests;
			productReference = 7A87F55D22952400001396A0 /* WeatherAppTests.xctest */;
			productType = "com.apple.product-type.bundle.unit-test";
		};
		7A87F56722952400001396A0 /* WeatherAppUITests */ = {
			isa = PBXNativeTarget;
			buildConfigurationList = 7A87F57722952400001396A0 /* Build configuration list for PBXNativeTarget "WeatherAppUITests" */;
			buildPhases = (
				A4F1483A06F711B1B686D65B /* [CP] Check Pods Manifest.lock */,
				7A87F56422952400001396A0 /* Sources */,
				7A87F56522952400001396A0 /* Frameworks */,
				7A87F56622952400001396A0 /* Resources */,
			);
			buildRules = (
			);
			dependencies = (
				7A87F56A22952400001396A0 /* PBXTargetDependency */,
			);
			name = WeatherAppUITests;
			productName = WeatherAppUITests;
			productReference = 7A87F56822952400001396A0 /* WeatherAppUITests.xctest */;
			productType = "com.apple.product-type.bundle.ui-testing";
		};
/* End PBXNativeTarget section */

/* Begin PBXProject section */
		7A87F541229523FE001396A0 /* Project object */ = {
			isa = PBXProject;
			attributes = {
				LastSwiftUpdateCheck = 1020;
				LastUpgradeCheck = 1020;
				ORGANIZATIONNAME = Adrien;
				TargetAttributes = {
					7A87F548229523FE001396A0 = {
						CreatedOnToolsVersion = 10.2.1;
					};
					7A87F55C22952400001396A0 = {
						CreatedOnToolsVersion = 10.2.1;
						TestTargetID = 7A87F548229523FE001396A0;
					};
					7A87F56722952400001396A0 = {
						CreatedOnToolsVersion = 10.2.1;
						TestTargetID = 7A87F548229523FE001396A0;
					};
				};
			};
			buildConfigurationList = 7A87F544229523FE001396A0 /* Build configuration list for PBXProject "WeatherApp" */;
			compatibilityVersion = "Xcode 9.3";
			developmentRegion = en;
			hasScannedForEncodings = 0;
			knownRegions = (
				en,
				Base,
			);
			mainGroup = 7A87F540229523FE001396A0;
			productRefGroup = 7A87F54A229523FE001396A0 /* Products */;
			projectDirPath = "";
			projectRoot = "";
			targets = (
				7A87F548229523FE001396A0 /* WeatherApp */,
				7A87F55C22952400001396A0 /* WeatherAppTests */,
				7A87F56722952400001396A0 /* WeatherAppUITests */,
			);
		};
/* End PBXProject section */

/* Begin PBXResourcesBuildPhase section */
		7A87F547229523FE001396A0 /* Resources */ = {
			isa = PBXResourcesBuildPhase;
			buildActionMask = 2147483647;
			files = (
				7A5AC1CC2295716E008FC7D1 /* HourlyTableViewCell.xib in Resources */,
				7A5AC1C72295714A008FC7D1 /* ForecastTextTableViewCell.xib in Resources */,
				7A5AC1C2229570FE008FC7D1 /* HeaderTableViewCell.xib in Resources */,
				7A5AC1D022957189008FC7D1 /* DailyTableViewCell.xib in Resources */,
				7A87F55722952400001396A0 /* LaunchScreen.storyboard in Resources */,
				7A87F55422952400001396A0 /* Assets.xcassets in Resources */,
				7A5AC1D42295719B008FC7D1 /* ExtraTableViewCell.xib in Resources */,
				7A87F552229523FE001396A0 /* Main.storyboard in Resources */,
			);
			runOnlyForDeploymentPostprocessing = 0;
		};
		7A87F55B22952400001396A0 /* Resources */ = {
			isa = PBXResourcesBuildPhase;
			buildActionMask = 2147483647;
			files = (
			);
			runOnlyForDeploymentPostprocessing = 0;
		};
		7A87F56622952400001396A0 /* Resources */ = {
			isa = PBXResourcesBuildPhase;
			buildActionMask = 2147483647;
			files = (
			);
			runOnlyForDeploymentPostprocessing = 0;
		};
/* End PBXResourcesBuildPhase section */

/* Begin PBXShellScriptBuildPhase section */
		0C1DE7DD50B6E7298553A3F2 /* [CP] Embed Pods Frameworks */ = {
			isa = PBXShellScriptBuildPhase;
			buildActionMask = 2147483647;
			files = (
			);
			inputPaths = (
				"${SRCROOT}/Pods/Target Support Files/Pods-WeatherApp/Pods-WeatherApp-frameworks.sh",
				"${BUILT_PRODUCTS_DIR}/Alamofire/Alamofire.framework",
				"${BUILT_PRODUCTS_DIR}/SDWebImage/SDWebImage.framework",
			);
			name = "[CP] Embed Pods Frameworks";
			outputPaths = (
				"${TARGET_BUILD_DIR}/${FRAMEWORKS_FOLDER_PATH}/Alamofire.framework",
				"${TARGET_BUILD_DIR}/${FRAMEWORKS_FOLDER_PATH}/SDWebImage.framework",
			);
			runOnlyForDeploymentPostprocessing = 0;
			shellPath = /bin/sh;
			shellScript = "\"${SRCROOT}/Pods/Target Support Files/Pods-WeatherApp/Pods-WeatherApp-frameworks.sh\"\n";
			showEnvVarsInLog = 0;
		};
		1D771BDA3722997CBB1B3C25 /* [CP] Check Pods Manifest.lock */ = {
			isa = PBXShellScriptBuildPhase;
			buildActionMask = 2147483647;
			files = (
			);
			inputPaths = (
				"${PODS_PODFILE_DIR_PATH}/Podfile.lock",
				"${PODS_ROOT}/Manifest.lock",
			);
			name = "[CP] Check Pods Manifest.lock";
			outputPaths = (
				"$(DERIVED_FILE_DIR)/Pods-WeatherAppTests-checkManifestLockResult.txt",
			);
			runOnlyForDeploymentPostprocessing = 0;
			shellPath = /bin/sh;
			shellScript = "diff \"${PODS_PODFILE_DIR_PATH}/Podfile.lock\" \"${PODS_ROOT}/Manifest.lock\" > /dev/null\nif [ $? != 0 ] ; then\n    # print error to STDERR\n    echo \"error: The sandbox is not in sync with the Podfile.lock. Run 'pod install' or update your CocoaPods installation.\" >&2\n    exit 1\nfi\n# This output is used by Xcode 'outputs' to avoid re-running this script phase.\necho \"SUCCESS\" > \"${SCRIPT_OUTPUT_FILE_0}\"\n";
			showEnvVarsInLog = 0;
		};
		76D948A4141BE8D15AB9B289 /* [CP] Check Pods Manifest.lock */ = {
			isa = PBXShellScriptBuildPhase;
			buildActionMask = 2147483647;
			files = (
			);
			inputPaths = (
				"${PODS_PODFILE_DIR_PATH}/Podfile.lock",
				"${PODS_ROOT}/Manifest.lock",
			);
			name = "[CP] Check Pods Manifest.lock";
			outputPaths = (
				"$(DERIVED_FILE_DIR)/Pods-WeatherApp-checkManifestLockResult.txt",
			);
			runOnlyForDeploymentPostprocessing = 0;
			shellPath = /bin/sh;
			shellScript = "diff \"${PODS_PODFILE_DIR_PATH}/Podfile.lock\" \"${PODS_ROOT}/Manifest.lock\" > /dev/null\nif [ $? != 0 ] ; then\n    # print error to STDERR\n    echo \"error: The sandbox is not in sync with the Podfile.lock. Run 'pod install' or update your CocoaPods installation.\" >&2\n    exit 1\nfi\n# This output is used by Xcode 'outputs' to avoid re-running this script phase.\necho \"SUCCESS\" > \"${SCRIPT_OUTPUT_FILE_0}\"\n";
			showEnvVarsInLog = 0;
		};
		A4F1483A06F711B1B686D65B /* [CP] Check Pods Manifest.lock */ = {
			isa = PBXShellScriptBuildPhase;
			buildActionMask = 2147483647;
			files = (
			);
			inputPaths = (
				"${PODS_PODFILE_DIR_PATH}/Podfile.lock",
				"${PODS_ROOT}/Manifest.lock",
			);
			name = "[CP] Check Pods Manifest.lock";
			outputPaths = (
				"$(DERIVED_FILE_DIR)/Pods-WeatherAppUITests-checkManifestLockResult.txt",
			);
			runOnlyForDeploymentPostprocessing = 0;
			shellPath = /bin/sh;
			shellScript = "diff \"${PODS_PODFILE_DIR_PATH}/Podfile.lock\" \"${PODS_ROOT}/Manifest.lock\" > /dev/null\nif [ $? != 0 ] ; then\n    # print error to STDERR\n    echo \"error: The sandbox is not in sync with the Podfile.lock. Run 'pod install' or update your CocoaPods installation.\" >&2\n    exit 1\nfi\n# This output is used by Xcode 'outputs' to avoid re-running this script phase.\necho \"SUCCESS\" > \"${SCRIPT_OUTPUT_FILE_0}\"\n";
			showEnvVarsInLog = 0;
		};
/* End PBXShellScriptBuildPhase section */

/* Begin PBXSourcesBuildPhase section */
		7A87F545229523FE001396A0 /* Sources */ = {
			isa = PBXSourcesBuildPhase;
			buildActionMask = 2147483647;
			files = (
				7A87F57B22952571001396A0 /* CitiesData.swift in Sources */,
				7A87F581229526C5001396A0 /* MapViewController.swift in Sources */,
				7A87F54D229523FE001396A0 /* AppDelegate.swift in Sources */,
				7A5AC1C62295714A008FC7D1 /* ForecastTextTableViewCell.swift in Sources */,
				7A87F583229526D6001396A0 /* DetailViewController.swift in Sources */,
				7A5AC1D32295719B008FC7D1 /* ExtraTableViewCell.swift in Sources */,
				7A5AC1C1229570FE008FC7D1 /* HeaderTableViewCell.swift in Sources */,
				7A5AC1CF22957189008FC7D1 /* DailyTableViewCell.swift in Sources */,
				7A87F59622952907001396A0 /* WeatherModel.swift in Sources */,
				7A5AC1CB2295716E008FC7D1 /* HourlyTableViewCell.swift in Sources */,
				7A87F585229526F9001396A0 /* RequestWeather.swift in Sources */,
			);
			runOnlyForDeploymentPostprocessing = 0;
		};
		7A87F55922952400001396A0 /* Sources */ = {
			isa = PBXSourcesBuildPhase;
			buildActionMask = 2147483647;
			files = (
				7A87F56222952400001396A0 /* WeatherAppTests.swift in Sources */,
			);
			runOnlyForDeploymentPostprocessing = 0;
		};
		7A87F56422952400001396A0 /* Sources */ = {
			isa = PBXSourcesBuildPhase;
			buildActionMask = 2147483647;
			files = (
				7A87F56D22952400001396A0 /* WeatherAppUITests.swift in Sources */,
			);
			runOnlyForDeploymentPostprocessing = 0;
		};
/* End PBXSourcesBuildPhase section */

/* Begin PBXTargetDependency section */
		7A87F55F22952400001396A0 /* PBXTargetDependency */ = {
			isa = PBXTargetDependency;
			target = 7A87F548229523FE001396A0 /* WeatherApp */;
			targetProxy = 7A87F55E22952400001396A0 /* PBXContainerItemProxy */;
		};
		7A87F56A22952400001396A0 /* PBXTargetDependency */ = {
			isa = PBXTargetDependency;
			target = 7A87F548229523FE001396A0 /* WeatherApp */;
			targetProxy = 7A87F56922952400001396A0 /* PBXContainerItemProxy */;
		};
/* End PBXTargetDependency section */

/* Begin PBXVariantGroup section */
		7A87F550229523FE001396A0 /* Main.storyboard */ = {
			isa = PBXVariantGroup;
			children = (
				7A87F551229523FE001396A0 /* Base */,
			);
			name = Main.storyboard;
			sourceTree = "<group>";
		};
		7A87F55522952400001396A0 /* LaunchScreen.storyboard */ = {
			isa = PBXVariantGroup;
			children = (
				7A87F55622952400001396A0 /* Base */,
			);
			name = LaunchScreen.storyboard;
			sourceTree = "<group>";
		};
/* End PBXVariantGroup section */

/* Begin XCBuildConfiguration section */
		7A87F56F22952400001396A0 /* Debug */ = {
			isa = XCBuildConfiguration;
			buildSettings = {
				ALWAYS_SEARCH_USER_PATHS = NO;
				CLANG_ANALYZER_NONNULL = YES;
				CLANG_ANALYZER_NUMBER_OBJECT_CONVERSION = YES_AGGRESSIVE;
				CLANG_CXX_LANGUAGE_STANDARD = "gnu++14";
				CLANG_CXX_LIBRARY = "libc++";
				CLANG_ENABLE_MODULES = YES;
				CLANG_ENABLE_OBJC_ARC = YES;
				CLANG_ENABLE_OBJC_WEAK = YES;
				CLANG_WARN_BLOCK_CAPTURE_AUTORELEASING = YES;
				CLANG_WARN_BOOL_CONVERSION = YES;
				CLANG_WARN_COMMA = YES;
				CLANG_WARN_CONSTANT_CONVERSION = YES;
				CLANG_WARN_DEPRECATED_OBJC_IMPLEMENTATIONS = YES;
				CLANG_WARN_DIRECT_OBJC_ISA_USAGE = YES_ERROR;
				CLANG_WARN_DOCUMENTATION_COMMENTS = YES;
				CLANG_WARN_EMPTY_BODY = YES;
				CLANG_WARN_ENUM_CONVERSION = YES;
				CLANG_WARN_INFINITE_RECURSION = YES;
				CLANG_WARN_INT_CONVERSION = YES;
				CLANG_WARN_NON_LITERAL_NULL_CONVERSION = YES;
				CLANG_WARN_OBJC_IMPLICIT_RETAIN_SELF = YES;
				CLANG_WARN_OBJC_LITERAL_CONVERSION = YES;
				CLANG_WARN_OBJC_ROOT_CLASS = YES_ERROR;
				CLANG_WARN_RANGE_LOOP_ANALYSIS = YES;
				CLANG_WARN_STRICT_PROTOTYPES = YES;
				CLANG_WARN_SUSPICIOUS_MOVE = YES;
				CLANG_WARN_UNGUARDED_AVAILABILITY = YES_AGGRESSIVE;
				CLANG_WARN_UNREACHABLE_CODE = YES;
				CLANG_WARN__DUPLICATE_METHOD_MATCH = YES;
				CODE_SIGN_IDENTITY = "iPhone Developer";
				COPY_PHASE_STRIP = NO;
				DEBUG_INFORMATION_FORMAT = dwarf;
				ENABLE_STRICT_OBJC_MSGSEND = YES;
				ENABLE_TESTABILITY = YES;
				GCC_C_LANGUAGE_STANDARD = gnu11;
				GCC_DYNAMIC_NO_PIC = NO;
				GCC_NO_COMMON_BLOCKS = YES;
				GCC_OPTIMIZATION_LEVEL = 0;
				GCC_PREPROCESSOR_DEFINITIONS = (
					"DEBUG=1",
					"$(inherited)",
				);
				GCC_WARN_64_TO_32_BIT_CONVERSION = YES;
				GCC_WARN_ABOUT_RETURN_TYPE = YES_ERROR;
				GCC_WARN_UNDECLARED_SELECTOR = YES;
				GCC_WARN_UNINITIALIZED_AUTOS = YES_AGGRESSIVE;
				GCC_WARN_UNUSED_FUNCTION = YES;
				GCC_WARN_UNUSED_VARIABLE = YES;
				IPHONEOS_DEPLOYMENT_TARGET = 12.2;
				MTL_ENABLE_DEBUG_INFO = INCLUDE_SOURCE;
				MTL_FAST_MATH = YES;
				ONLY_ACTIVE_ARCH = YES;
				SDKROOT = iphoneos;
				SWIFT_ACTIVE_COMPILATION_CONDITIONS = DEBUG;
				SWIFT_OPTIMIZATION_LEVEL = "-Onone";
			};
			name = Debug;
		};
		7A87F57022952400001396A0 /* Release */ = {
			isa = XCBuildConfiguration;
			buildSettings = {
				ALWAYS_SEARCH_USER_PATHS = NO;
				CLANG_ANALYZER_NONNULL = YES;
				CLANG_ANALYZER_NUMBER_OBJECT_CONVERSION = YES_AGGRESSIVE;
				CLANG_CXX_LANGUAGE_STANDARD = "gnu++14";
				CLANG_CXX_LIBRARY = "libc++";
				CLANG_ENABLE_MODULES = YES;
				CLANG_ENABLE_OBJC_ARC = YES;
				CLANG_ENABLE_OBJC_WEAK = YES;
				CLANG_WARN_BLOCK_CAPTURE_AUTORELEASING = YES;
				CLANG_WARN_BOOL_CONVERSION = YES;
				CLANG_WARN_COMMA = YES;
				CLANG_WARN_CONSTANT_CONVERSION = YES;
				CLANG_WARN_DEPRECATED_OBJC_IMPLEMENTATIONS = YES;
				CLANG_WARN_DIRECT_OBJC_ISA_USAGE = YES_ERROR;
				CLANG_WARN_DOCUMENTATION_COMMENTS = YES;
				CLANG_WARN_EMPTY_BODY = YES;
				CLANG_WARN_ENUM_CONVERSION = YES;
				CLANG_WARN_INFINITE_RECURSION = YES;
				CLANG_WARN_INT_CONVERSION = YES;
				CLANG_WARN_NON_LITERAL_NULL_CONVERSION = YES;
				CLANG_WARN_OBJC_IMPLICIT_RETAIN_SELF = YES;
				CLANG_WARN_OBJC_LITERAL_CONVERSION = YES;
				CLANG_WARN_OBJC_ROOT_CLASS = YES_ERROR;
				CLANG_WARN_RANGE_LOOP_ANALYSIS = YES;
				CLANG_WARN_STRICT_PROTOTYPES = YES;
				CLANG_WARN_SUSPICIOUS_MOVE = YES;
				CLANG_WARN_UNGUARDED_AVAILABILITY = YES_AGGRESSIVE;
				CLANG_WARN_UNREACHABLE_CODE = YES;
				CLANG_WARN__DUPLICATE_METHOD_MATCH = YES;
				CODE_SIGN_IDENTITY = "iPhone Developer";
				COPY_PHASE_STRIP = NO;
				DEBUG_INFORMATION_FORMAT = "dwarf-with-dsym";
				ENABLE_NS_ASSERTIONS = NO;
				ENABLE_STRICT_OBJC_MSGSEND = YES;
				GCC_C_LANGUAGE_STANDARD = gnu11;
				GCC_NO_COMMON_BLOCKS = YES;
				GCC_WARN_64_TO_32_BIT_CONVERSION = YES;
				GCC_WARN_ABOUT_RETURN_TYPE = YES_ERROR;
				GCC_WARN_UNDECLARED_SELECTOR = YES;
				GCC_WARN_UNINITIALIZED_AUTOS = YES_AGGRESSIVE;
				GCC_WARN_UNUSED_FUNCTION = YES;
				GCC_WARN_UNUSED_VARIABLE = YES;
				IPHONEOS_DEPLOYMENT_TARGET = 12.2;
				MTL_ENABLE_DEBUG_INFO = NO;
				MTL_FAST_MATH = YES;
				SDKROOT = iphoneos;
				SWIFT_COMPILATION_MODE = wholemodule;
				SWIFT_OPTIMIZATION_LEVEL = "-O";
				VALIDATE_PRODUCT = YES;
			};
			name = Release;
		};
		7A87F57222952400001396A0 /* Debug */ = {
			isa = XCBuildConfiguration;
			baseConfigurationReference = 8F297D804937A41532AE2848 /* Pods-WeatherApp.debug.xcconfig */;
			buildSettings = {
				ASSETCATALOG_COMPILER_APPICON_NAME = AppIcon;
				CODE_SIGN_STYLE = Automatic;
				INFOPLIST_FILE = WeatherApp/Info.plist;
				LD_RUNPATH_SEARCH_PATHS = (
					"$(inherited)",
					"@executable_path/Frameworks",
				);
				PRODUCT_BUNDLE_IDENTIFIER = Adrien.WeatherApp;
				PRODUCT_NAME = "$(TARGET_NAME)";
				SWIFT_VERSION = 5.0;
				TARGETED_DEVICE_FAMILY = "1,2";
			};
			name = Debug;
		};
		7A87F57322952400001396A0 /* Release */ = {
			isa = XCBuildConfiguration;
			baseConfigurationReference = EC990BD3768666A137AE47F9 /* Pods-WeatherApp.release.xcconfig */;
			buildSettings = {
				ASSETCATALOG_COMPILER_APPICON_NAME = AppIcon;
				CODE_SIGN_STYLE = Automatic;
				INFOPLIST_FILE = WeatherApp/Info.plist;
				LD_RUNPATH_SEARCH_PATHS = (
					"$(inherited)",
					"@executable_path/Frameworks",
				);
				PRODUCT_BUNDLE_IDENTIFIER = Adrien.WeatherApp;
				PRODUCT_NAME = "$(TARGET_NAME)";
				SWIFT_VERSION = 5.0;
				TARGETED_DEVICE_FAMILY = "1,2";
			};
			name = Release;
		};
		7A87F57522952400001396A0 /* Debug */ = {
			isa = XCBuildConfiguration;
			baseConfigurationReference = D8B16BCBC9D7775B1B5E7BD5 /* Pods-WeatherAppTests.debug.xcconfig */;
			buildSettings = {
				ALWAYS_EMBED_SWIFT_STANDARD_LIBRARIES = YES;
				BUNDLE_LOADER = "$(TEST_HOST)";
				CODE_SIGN_STYLE = Automatic;
				INFOPLIST_FILE = WeatherAppTests/Info.plist;
				LD_RUNPATH_SEARCH_PATHS = (
					"$(inherited)",
					"@executable_path/Frameworks",
					"@loader_path/Frameworks",
				);
				PRODUCT_BUNDLE_IDENTIFIER = Adrien.WeatherAppTests;
				PRODUCT_NAME = "$(TARGET_NAME)";
				SWIFT_VERSION = 5.0;
				TARGETED_DEVICE_FAMILY = "1,2";
				TEST_HOST = "$(BUILT_PRODUCTS_DIR)/WeatherApp.app/WeatherApp";
			};
			name = Debug;
		};
		7A87F57622952400001396A0 /* Release */ = {
			isa = XCBuildConfiguration;
			baseConfigurationReference = B4BE1596145BA7719F1CE936 /* Pods-WeatherAppTests.release.xcconfig */;
			buildSettings = {
				ALWAYS_EMBED_SWIFT_STANDARD_LIBRARIES = YES;
				BUNDLE_LOADER = "$(TEST_HOST)";
				CODE_SIGN_STYLE = Automatic;
				INFOPLIST_FILE = WeatherAppTests/Info.plist;
				LD_RUNPATH_SEARCH_PATHS = (
					"$(inherited)",
					"@executable_path/Frameworks",
					"@loader_path/Frameworks",
				);
				PRODUCT_BUNDLE_IDENTIFIER = Adrien.WeatherAppTests;
				PRODUCT_NAME = "$(TARGET_NAME)";
				SWIFT_VERSION = 5.0;
				TARGETED_DEVICE_FAMILY = "1,2";
				TEST_HOST = "$(BUILT_PRODUCTS_DIR)/WeatherApp.app/WeatherApp";
			};
			name = Release;
		};
		7A87F57822952400001396A0 /* Debug */ = {
			isa = XCBuildConfiguration;
			baseConfigurationReference = 0CB40876330A68EBC108BCB9 /* Pods-WeatherAppUITests.debug.xcconfig */;
			buildSettings = {
				ALWAYS_EMBED_SWIFT_STANDARD_LIBRARIES = YES;
				CODE_SIGN_STYLE = Automatic;
				INFOPLIST_FILE = WeatherAppUITests/Info.plist;
				LD_RUNPATH_SEARCH_PATHS = (
					"$(inherited)",
					"@executable_path/Frameworks",
					"@loader_path/Frameworks",
				);
				PRODUCT_BUNDLE_IDENTIFIER = Adrien.WeatherAppUITests;
				PRODUCT_NAME = "$(TARGET_NAME)";
				SWIFT_VERSION = 5.0;
				TARGETED_DEVICE_FAMILY = "1,2";
				TEST_TARGET_NAME = WeatherApp;
			};
			name = Debug;
		};
		7A87F57922952400001396A0 /* Release */ = {
			isa = XCBuildConfiguration;
			baseConfigurationReference = F91FDBCFA9CF7784FAB50DD2 /* Pods-WeatherAppUITests.release.xcconfig */;
			buildSettings = {
				ALWAYS_EMBED_SWIFT_STANDARD_LIBRARIES = YES;
				CODE_SIGN_STYLE = Automatic;
				INFOPLIST_FILE = WeatherAppUITests/Info.plist;
				LD_RUNPATH_SEARCH_PATHS = (
					"$(inherited)",
					"@executable_path/Frameworks",
					"@loader_path/Frameworks",
				);
				PRODUCT_BUNDLE_IDENTIFIER = Adrien.WeatherAppUITests;
				PRODUCT_NAME = "$(TARGET_NAME)";
				SWIFT_VERSION = 5.0;
				TARGETED_DEVICE_FAMILY = "1,2";
				TEST_TARGET_NAME = WeatherApp;
			};
			name = Release;
		};
/* End XCBuildConfiguration section */

/* Begin XCConfigurationList section */
		7A87F544229523FE001396A0 /* Build configuration list for PBXProject "WeatherApp" */ = {
			isa = XCConfigurationList;
			buildConfigurations = (
				7A87F56F22952400001396A0 /* Debug */,
				7A87F57022952400001396A0 /* Release */,
			);
			defaultConfigurationIsVisible = 0;
			defaultConfigurationName = Release;
		};
		7A87F57122952400001396A0 /* Build configuration list for PBXNativeTarget "WeatherApp" */ = {
			isa = XCConfigurationList;
			buildConfigurations = (
				7A87F57222952400001396A0 /* Debug */,
				7A87F57322952400001396A0 /* Release */,
			);
			defaultConfigurationIsVisible = 0;
			defaultConfigurationName = Release;
		};
		7A87F57422952400001396A0 /* Build configuration list for PBXNativeTarget "WeatherAppTests" */ = {
			isa = XCConfigurationList;
			buildConfigurations = (
				7A87F57522952400001396A0 /* Debug */,
				7A87F57622952400001396A0 /* Release */,
			);
			defaultConfigurationIsVisible = 0;
			defaultConfigurationName = Release;
		};
		7A87F57722952400001396A0 /* Build configuration list for PBXNativeTarget "WeatherAppUITests" */ = {
			isa = XCConfigurationList;
			buildConfigurations = (
				7A87F57822952400001396A0 /* Debug */,
				7A87F57922952400001396A0 /* Release */,
			);
			defaultConfigurationIsVisible = 0;
			defaultConfigurationName = Release;
		};
/* End XCConfigurationList section */
	};
	rootObject = 7A87F541229523FE001396A0 /* Project object */;
}
